
Microsoft Visual Studio Solution File, Format Version 12.00
# Visual Studio Version 17
VisualStudioVersion = 17.0.31903.59
MinimumVisualStudioVersion = 10.0.40219.1
Project("{2150E333-8FDC-42A3-9474-1A3956D46DE8}") = "src", "src", "{5FD920A7-4477-4A35-BDAE-03CA9A8682C9}"
EndProject
Project("{FAE04EC0-301F-11D3-BF4B-00C04F79EFBC}") = "o-down.Core", "src\o-down.Core\o-down.Core.csproj", "{C67558AC-39A5-4FAE-B2D5-7C3CC2AF9BD8}"
EndProject
Project("{FAE04EC0-301F-11D3-BF4B-00C04F79EFBC}") = "o-down.Data", "src\o-down.Data\o-down.Data.csproj", "{4EC73B42-AB87-4399-9EB7-390B28ACBBED}"
EndProject
Project("{FAE04EC0-301F-11D3-BF4B-00C04F79EFBC}") = "o-down.Infrastructure", "src\o-down.Infrastructure\o-down.Infrastructure.csproj", "{A44D038E-A76F-4EF6-B6BA-1BC76C0AF1A0}"
EndProject
Project("{FAE04EC0-301F-11D3-BF4B-00C04F79EFBC}") = "o-down.Update", "src\o-down.Update\o-down.Update.csproj", "{AA4ED248-DCDC-44B2-8B96-A6FD7F545728}"
EndProject
Project("{FAE04EC0-301F-11D3-BF4B-00C04F79EFBC}") = "o-down.Engines.Aria2", "src\o-down.Engines.Aria2\o-down.Engines.Aria2.csproj", "{E93E205D-28DC-4506-820F-8A49D9EE9431}"
EndProject
Project("{FAE04EC0-301F-11D3-BF4B-00C04F79EFBC}") = "o-down.Engines.Torrent", "src\o-down.Engines.Torrent\o-down.Engines.Torrent.csproj", "{8F24A8BA-410D-46E6-9E90-431EA75080CE}"
EndProject
Project("{FAE04EC0-301F-11D3-BF4B-00C04F79EFBC}") = "o-down.Engines.Media", "src\o-down.Engines.Media\o-down.Engines.Media.csproj", "{1A1D5DB2-41F2-4DCB-B8AF-4B627C2FBCCA}"
EndProject
Project("{FAE04EC0-301F-11D3-BF4B-00C04F79EFBC}") = "o-down.NativeMessaging", "src\o-down.NativeMessaging\o-down.NativeMessaging.csproj", "{7E50995F-E1A4-4940-9DDD-7626ED4B2807}"
EndProject
Project("{FAE04EC0-301F-11D3-BF4B-00C04F79EFBC}") = "o-down.App", "src\o-down.App\o-down.App.csproj", "{B01FBDDE-C49E-4FA7-B0B1-A11547ADF9A2}"
EndProject
Project("{2150E333-8FDC-42A3-9474-1A3956D46DE8}") = "tests", "tests", "{C5808B9C-EF95-4F2A-A5DF-35EFC7910131}"
EndProject
Project("{FAE04EC0-301F-11D3-BF4B-00C04F79EFBC}") = "o-down.Core.Tests", "tests\o-down.Core.Tests\o-down.Core.Tests.csproj", "{DB20AD37-F1A5-499B-8B8D-8AEF3750C50A}"
EndProject
Project("{FAE04EC0-301F-11D3-BF4B-00C04F79EFBC}") = "o-down.Engines.Aria2.Tests", "tests\o-down.Engines.Aria2.Tests\o-down.Engines.Aria2.Tests.csproj", "{50CEA6AF-BB18-44C0-A05E-32B24511C20E}"
EndProject
Project("{FAE04EC0-301F-11D3-BF4B-00C04F79EFBC}") = "o-down.IntegrationTests", "tests\o-down.IntegrationTests\o-down.IntegrationTests.csproj", "{C89936DD-4B49-4DCA-9422-1137BC050D72}"
EndProject
Project("{FAE04EC0-301F-11D3-BF4B-00C04F79EFBC}") = "o-down.Infrastructure.Tests", "tests\o-down.Infrastructure.Tests\o-down.Infrastructure.Tests.csproj", "{D11E9F23-2C7F-4B11-8A8E-FF12AA00C4D0}"
EndProject
Project("{FAE04EC0-301F-11D3-BF4B-00C04F79EFBC}") = "o-down.Engines.Media.Tests", "tests\o-down.Engines.Media.Tests\o-down.Engines.Media.Tests.csproj", "{A22B1F44-7B12-4E3A-9C0D-77B5C0F2E1A1}"
EndProject
Project("{FAE04EC0-301F-11D3-BF4B-00C04F79EFBC}") = "o-down.Engines.Torrent.Tests", "tests\o-down.Engines.Torrent.Tests\o-down.Engines.Torrent.Tests.csproj", "{B33C2F55-8C23-4F4B-AD1E-88C6D1F3F2B2}"
EndProject
Project("{FAE04EC0-301F-11D3-BF4B-00C04F79EFBC}") = "o-down.Update.Tests", "tests\o-down.Update.Tests\o-down.Update.Tests.csproj", "{A1B2C3D4-E5F6-7890-ABCD-EF1234567890}"
EndProject
Global
	GlobalSection(SolutionConfigurationPlatforms) = preSolution
		Debug|Any CPU = Debug|Any CPU
		Release|Any CPU = Release|Any CPU
	EndGlobalSection
	GlobalSection(SolutionProperties) = preSolution
		HideSolutionNode = FALSE
	EndGlobalSection
	GlobalSection(ProjectConfigurationPlatforms) = postSolution
		{C67558AC-39A5-4FAE-B2D5-7C3CC2AF9BD8}.Debug|Any CPU.ActiveCfg = Debug|Any CPU
		{C67558AC-39A5-4FAE-B2D5-7C3CC2AF9BD8}.Debug|Any CPU.Build.0 = Debug|Any CPU
		{C67558AC-39A5-4FAE-B2D5-7C3CC2AF9BD8}.Release|Any CPU.ActiveCfg = Release|Any CPU
		{C67558AC-39A5-4FAE-B2D5-7C3CC2AF9BD8}.Release|Any CPU.Build.0 = Release|Any CPU
		{4EC73B42-AB87-4399-9EB7-390B28ACBBED}.Debug|Any CPU.ActiveCfg = Debug|Any CPU
		{4EC73B42-AB87-4399-9EB7-390B28ACBBED}.Debug|Any CPU.Build.0 = Debug|Any CPU
		{4EC73B42-AB87-4399-9EB7-390B28ACBBED}.Release|Any CPU.ActiveCfg = Release|Any CPU
		{4EC73B42-AB87-4399-9EB7-390B28ACBBED}.Release|Any CPU.Build.0 = Release|Any CPU
		{A44D038E-A76F-4EF6-B6BA-1BC76C0AF1A0}.Debug|Any CPU.ActiveCfg = Debug|Any CPU
		{A44D038E-A76F-4EF6-B6BA-1BC76C0AF1A0}.Debug|Any CPU.Build.0 = Debug|Any CPU
		{A44D038E-A76F-4EF6-B6BA-1BC76C0AF1A0}.Release|Any CPU.ActiveCfg = Release|Any CPU
		{A44D038E-A76F-4EF6-B6BA-1BC76C0AF1A0}.Release|Any CPU.Build.0 = Release|Any CPU
		{AA4ED248-DCDC-44B2-8B96-A6FD7F545728}.Debug|Any CPU.ActiveCfg = Debug|Any CPU
		{AA4ED248-DCDC-44B2-8B96-A6FD7F545728}.Debug|Any CPU.Build.0 = Debug|Any CPU
		{AA4ED248-DCDC-44B2-8B96-A6FD7F545728}.Release|Any CPU.ActiveCfg = Release|Any CPU
		{AA4ED248-DCDC-44B2-8B96-A6FD7F545728}.Release|Any CPU.Build.0 = Release|Any CPU
		{E93E205D-28DC-4506-820F-8A49D9EE9431}.Debug|Any CPU.ActiveCfg = Debug|Any CPU
		{E93E205D-28DC-4506-820F-8A49D9EE9431}.Debug|Any CPU.Build.0 = Debug|Any CPU
		{E93E205D-28DC-4506-820F-8A49D9EE9431}.Release|Any CPU.ActiveCfg = Release|Any CPU
		{E93E205D-28DC-4506-820F-8A49D9EE9431}.Release|Any CPU.Build.0 = Release|Any CPU
		{8F24A8BA-410D-46E6-9E90-431EA75080CE}.Debug|Any CPU.ActiveCfg = Debug|Any CPU
		{8F24A8BA-410D-46E6-9E90-431EA75080CE}.Debug|Any CPU.Build.0 = Debug|Any CPU
		{8F24A8BA-410D-46E6-9E90-431EA75080CE}.Release|Any CPU.ActiveCfg = Release|Any CPU
		{8F24A8BA-410D-46E6-9E90-431EA75080CE}.Release|Any CPU.Build.0 = Release|Any CPU
		{1A1D5DB2-41F2-4DCB-B8AF-4B627C2FBCCA}.Debug|Any CPU.ActiveCfg = Debug|Any CPU
		{1A1D5DB2-41F2-4DCB-B8AF-4B627C2FBCCA}.Debug|Any CPU.Build.0 = Debug|Any CPU
		{1A1D5DB2-41F2-4DCB-B8AF-4B627C2FBCCA}.Release|Any CPU.ActiveCfg = Release|Any CPU
		{1A1D5DB2-41F2-4DCB-B8AF-4B627C2FBCCA}.Release|Any CPU.Build.0 = Release|Any CPU
		{7E50995F-E1A4-4940-9DDD-7626ED4B2807}.Debug|Any CPU.ActiveCfg = Debug|Any CPU
		{7E50995F-E1A4-4940-9DDD-7626ED4B2807}.Debug|Any CPU.Build.0 = Debug|Any CPU
		{7E50995F-E1A4-4940-9DDD-7626ED4B2807}.Release|Any CPU.ActiveCfg = Release|Any CPU
		{7E50995F-E1A4-4940-9DDD-7626ED4B2807}.Release|Any CPU.Build.0 = Release|Any CPU
		{B01FBDDE-C49E-4FA7-B0B1-A11547ADF9A2}.Debug|Any CPU.ActiveCfg = Debug|x64
		{B01FBDDE-C49E-4FA7-B0B1-A11547ADF9A2}.Debug|Any CPU.Build.0 = Debug|x64
		{B01FBDDE-C49E-4FA7-B0B1-A11547ADF9A2}.Release|Any CPU.ActiveCfg = Release|x64
		{B01FBDDE-C49E-4FA7-B0B1-A11547ADF9A2}.Release|Any CPU.Build.0 = Release|x64
		{DB20AD37-F1A5-499B-8B8D-8AEF3750C50A}.Debug|Any CPU.ActiveCfg = Debug|Any CPU
		{DB20AD37-F1A5-499B-8B8D-8AEF3750C50A}.Debug|Any CPU.Build.0 = Debug|Any CPU
		{DB20AD37-F1A5-499B-8B8D-8AEF3750C50A}.Release|Any CPU.ActiveCfg = Release|Any CPU
		{DB20AD37-F1A5-499B-8B8D-8AEF3750C50A}.Release|Any CPU.Build.0 = Release|Any CPU
		{50CEA6AF-BB18-44C0-A05E-32B24511C20E}.Debug|Any CPU.ActiveCfg = Debug|Any CPU
		{50CEA6AF-BB18-44C0-A05E-32B24511C20E}.Debug|Any CPU.Build.0 = Debug|Any CPU
		{50CEA6AF-BB18-44C0-A05E-32B24511C20E}.Release|Any CPU.ActiveCfg = Release|Any CPU
		{50CEA6AF-BB18-44C0-A05E-32B24511C20E}.Release|Any CPU.Build.0 = Release|Any CPU
		{C89936DD-4B49-4DCA-9422-1137BC050D72}.Debug|Any CPU.ActiveCfg = Debug|Any CPU
		{C89936DD-4B49-4DCA-9422-1137BC050D72}.Debug|Any CPU.Build.0 = Debug|Any CPU
		{C89936DD-4B49-4DCA-9422-1137BC050D72}.Release|Any CPU.ActiveCfg = Release|Any CPU
		{C89936DD-4B49-4DCA-9422-1137BC050D72}.Release|Any CPU.Build.0 = Release|Any CPU
		{D11E9F23-2C7F-4B11-8A8E-FF12AA00C4D0}.Debug|Any CPU.ActiveCfg = Debug|Any CPU
		{D11E9F23-2C7F-4B11-8A8E-FF12AA00C4D0}.Debug|Any CPU.Build.0 = Debug|Any CPU
		{D11E9F23-2C7F-4B11-8A8E-FF12AA00C4D0}.Release|Any CPU.ActiveCfg = Release|Any CPU
		{D11E9F23-2C7F-4B11-8A8E-FF12AA00C4D0}.Release|Any CPU.Build.0 = Release|Any CPU
		{A22B1F44-7B12-4E3A-9C0D-77B5C0F2E1A1}.Debug|Any CPU.ActiveCfg = Debug|Any CPU
		{A22B1F44-7B12-4E3A-9C0D-77B5C0F2E1A1}.Debug|Any CPU.Build.0 = Debug|Any CPU
		{A22B1F44-7B12-4E3A-9C0D-77B5C0F2E1A1}.Release|Any CPU.ActiveCfg = Debug|Any CPU
		{A22B1F44-7B12-4E3A-9C0D-77B5C0F2E1A1}.Release|Any CPU.Build.0 = Debug|Any CPU
		{B33C2F55-8C23-4F4B-AD1E-88C6D1F3F2B2}.Debug|Any CPU.ActiveCfg = Debug|Any CPU
		{B33C2F55-8C23-4F4B-AD1E-88C6D1F3F2B2}.Debug|Any CPU.Build.0 = Debug|Any CPU
		{B33C2F55-8C23-4F4B-AD1E-88C6D1F3F2B2}.Release|Any CPU.ActiveCfg = Debug|Any CPU
		{B33C2F55-8C23-4F4B-AD1E-88C6D1F3F2B2}.Release|Any CPU.Build.0 = Debug|Any CPU
		{A1B2C3D4-E5F6-7890-ABCD-EF1234567890}.Debug|Any CPU.ActiveCfg = Debug|Any CPU
		{A1B2C3D4-E5F6-7890-ABCD-EF1234567890}.Debug|Any CPU.Build.0 = Debug|Any CPU
		{A1B2C3D4-E5F6-7890-ABCD-EF1234567890}.Release|Any CPU.ActiveCfg = Debug|Any CPU
		{A1B2C3D4-E5F6-7890-ABCD-EF1234567890}.Release|Any CPU.Build.0 = Debug|Any CPU
	EndGlobalSection
	GlobalSection(NestedProjects) = preSolution
		{C67558AC-39A5-4FAE-B2D5-7C3CC2AF9BD8} = {5FD920A7-4477-4A35-BDAE-03CA9A8682C9}
		{4EC73B42-AB87-4399-9EB7-390B28ACBBED} = {5FD920A7-4477-4A35-BDAE-03CA9A8682C9}
		{A44D038E-A76F-4EF6-B6BA-1BC76C0AF1A0} = {5FD920A7-4477-4A35-BDAE-03CA9A8682C9}
		{AA4ED248-DCDC-44B2-8B96-A6FD7F545728} = {5FD920A7-4477-4A35-BDAE-03CA9A8682C9}
		{E93E205D-28DC-4506-820F-8A49D9EE9431} = {5FD920A7-4477-4A35-BDAE-03CA9A8682C9}
		{8F24A8BA-410D-46E6-9E90-431EA75080CE} = {5FD920A7-4477-4A35-BDAE-03CA9A8682C9}
		{1A1D5DB2-41F2-4DCB-B8AF-4B627C2FBCCA} = {5FD920A7-4477-4A35-BDAE-03CA9A8682C9}
		{7E50995F-E1A4-4940-9DDD-7626ED4B2807} = {5FD920A7-4477-4A35-BDAE-03CA9A8682C9}
		{B01FBDDE-C49E-4FA7-B0B1-A11547ADF9A2} = {5FD920A7-4477-4A35-BDAE-03CA9A8682C9}
		{DB20AD37-F1A5-499B-8B8D-8AEF3750C50A} = {C5808B9C-EF95-4F2A-A5DF-35EFC7910131}
		{50CEA6AF-BB18-44C0-A05E-32B24511C20E} = {C5808B9C-EF95-4F2A-A5DF-35EFC7910131}
		{C89936DD-4B49-4DCA-9422-1137BC050D72} = {C5808B9C-EF95-4F2A-A5DF-35EFC7910131}
		{D11E9F23-2C7F-4B11-8A8E-FF12AA00C4D0} = {C5808B9C-EF95-4F2A-A5DF-35EFC7910131}
		{A22B1F44-7B12-4E3A-9C0D-77B5C0F2E1A1} = {C5808B9C-EF95-4F2A-A5DF-35EFC7910131}
		{B33C2F55-8C23-4F4B-AD1E-88C6D1F3F2B2} = {C5808B9C-EF95-4F2A-A5DF-35EFC7910131}
		{A1B2C3D4-E5F6-7890-ABCD-EF1234567890} = {C5808B9C-EF95-4F2A-A5DF-35EFC7910131}
	EndGlobalSection
EndGlobal
